
Microsoft Visual Studio Solution File, Format Version 12.00
# Visual Studio Version 17
VisualStudioVersion = 17.4.33110.190
MinimumVisualStudioVersion = 10.0.40219.1
Project("{FAE04EC0-301F-11D3-BF4B-00C04F79EFBC}") = "AvinorStatusPanel", "AvinorStatusPanel\AvinorStatusPanel.csproj", "{B6320993-D27D-4C75-B9AA-6B7E264D646E}"
EndProject
Project("{FAE04EC0-301F-11D3-BF4B-00C04F79EFBC}") = "AvinorFlydataClient", "AvinorFlydataClient\AvinorFlydataClient.csproj", "{C75F0588-AEAE-463E-8823-CC612CAE12B1}"
EndProject
Project("{FAE04EC0-301F-11D3-BF4B-00C04F79EFBC}") = "FlightListener", "FlightListener\FlightListener.csproj", "{5256D55C-8BDF-408D-831F-97E35244C54E}"
EndProject
Global
	GlobalSection(SolutionConfigurationPlatforms) = preSolution
		Debug|Any CPU = Debug|Any CPU
		Release|Any CPU = Release|Any CPU
	EndGlobalSection
	GlobalSection(ProjectConfigurationPlatforms) = postSolution
		{B6320993-D27D-4C75-B9AA-6B7E264D646E}.Debug|Any CPU.ActiveCfg = Debug|Any CPU
		{B6320993-D27D-4C75-B9AA-6B7E264D646E}.Debug|Any CPU.Build.0 = Debug|Any CPU
		{B6320993-D27D-4C75-B9AA-6B7E264D646E}.Release|Any CPU.ActiveCfg = Release|Any CPU
		{B6320993-D27D-4C75-B9AA-6B7E264D646E}.Release|Any CPU.Build.0 = Release|Any CPU
		{C75F0588-AEAE-463E-8823-CC612CAE12B1}.Debug|Any CPU.ActiveCfg = Debug|Any CPU
		{C75F0588-AEAE-463E-8823-CC612CAE12B1}.Debug|Any CPU.Build.0 = Debug|Any CPU
		{C75F0588-AEAE-463E-8823-CC612CAE12B1}.Release|Any CPU.ActiveCfg = Release|Any CPU
		{C75F0588-AEAE-463E-8823-CC612CAE12B1}.Release|Any CPU.Build.0 = Release|Any CPU
		{5256D55C-8BDF-408D-831F-97E35244C54E}.Debug|Any CPU.ActiveCfg = Debug|Any CPU
		{5256D55C-8BDF-408D-831F-97E35244C54E}.Debug|Any CPU.Build.0 = Debug|Any CPU
		{5256D55C-8BDF-408D-831F-97E35244C54E}.Release|Any CPU.ActiveCfg = Release|Any CPU
		{5256D55C-8BDF-408D-831F-97E35244C54E}.Release|Any CPU.Build.0 = Release|Any CPU
	EndGlobalSection
	GlobalSection(SolutionProperties) = preSolution
		HideSolutionNode = FALSE
	EndGlobalSection
	GlobalSection(ExtensibilityGlobals) = postSolution
		SolutionGuid = {BBF3B8F0-CEE6-430A-AAC9-9F1E4B204906}
	EndGlobalSection
EndGlobal
